// !$*UTF8*$!
{
	archiveVersion = 1;
	classes = {
	};
	objectVersion = 77;
	objects = {

/* Begin PBXBuildFile section */
		021C5737EED7AB35B1ED3A71 /* MapControls.swift in Sources */ = {isa = PBXBuildFile; fileRef = 4CDBA155BE116022B7E2F90F /* MapControls.swift */; };
		0458DAD31D437F3A54F4BD27 /* DepartureEvidence.swift in Sources */ = {isa = PBXBuildFile; fileRef = FA61B45722DDEC3425D45B09 /* DepartureEvidence.swift */; };
		055E0F22DAEA1DCEC41CEE5F /* SmokeTests.swift in Sources */ = {isa = PBXBuildFile; fileRef = 8011F1F9596F27743C731E2F /* SmokeTests.swift */; };
		05ED885E317014CE129D89E7 /* ArcRootView.swift in Sources */ = {isa = PBXBuildFile; fileRef = 0A54EAE7163E5314C68F828C /* ArcRootView.swift */; };
		066B813B251042A5C7326EA9 /* ArcMapView.swift in Sources */ = {isa = PBXBuildFile; fileRef = D318093F38973AB568D94123 /* ArcMapView.swift */; };
		08856F19B11FB2609AFA1106 /* TripModeTests.swift in Sources */ = {isa = PBXBuildFile; fileRef = 99C658BC80584432FD6E1A9E /* TripModeTests.swift */; };
		0966F06D128CF6A589B4C579 /* FlightQueryParserTests.swift in Sources */ = {isa = PBXBuildFile; fileRef = C8B050595CEBC559BB3F8B48 /* FlightQueryParserTests.swift */; };
		0A1C083CFAAD25DE604695CB /* FriendsStore.swift in Sources */ = {isa = PBXBuildFile; fileRef = 56B017439A4B961EDCDB7E05 /* FriendsStore.swift */; };
		0F5F444E06F4497CAB4F095F /* TextHelpers.swift in Sources */ = {isa = PBXBuildFile; fileRef = A2D08589F3ED37C33758DAC5 /* TextHelpers.swift */; };
		1003697FBC6E177FB06D4DC0 /* SupabaseErrorTests.swift in Sources */ = {isa = PBXBuildFile; fileRef = 2AD3936B9A068A6D1B734331 /* SupabaseErrorTests.swift */; };
		12441CF9EEA5848E9DFE70A8 /* ArcTheme.swift in Sources */ = {isa = PBXBuildFile; fileRef = 2091849463E3B42B39109819 /* ArcTheme.swift */; };
		132186CB080D804A397303E6 /* InboundSelectionTests.swift in Sources */ = {isa = PBXBuildFile; fileRef = 3982B16A2E83D23E09279400 /* InboundSelectionTests.swift */; };
		147ED96EDE432F34CFA07B0F /* GeoMathTests.swift in Sources */ = {isa = PBXBuildFile; fileRef = 66A38232A6E768DF2669A448 /* GeoMathTests.swift */; };
		174541C286F7C1FAFD253F1A /* FriendsFeedTests.swift in Sources */ = {isa = PBXBuildFile; fileRef = 5460A62472771819DEC2B78A /* FriendsFeedTests.swift */; };
		1BC8E88E19F9A7AD30EA6489 /* RemotePush.swift in Sources */ = {isa = PBXBuildFile; fileRef = F9D60FB79B4585323258D954 /* RemotePush.swift */; };
		1D39A49F3A94F85646D62092 /* DelayRisk.swift in Sources */ = {isa = PBXBuildFile; fileRef = 4F45EC7B8D2BEC6A79A78C9B /* DelayRisk.swift */; };
		1EB9E39748B4D282482786CE /* FlightAudienceTests.swift in Sources */ = {isa = PBXBuildFile; fileRef = 14FAE84C003F055E6FD5E1EC /* FlightAudienceTests.swift */; };
		23E38F386FC1075984846921 /* FlightDetailView.swift in Sources */ = {isa = PBXBuildFile; fileRef = 734A69EC4EB99125C060E4F5 /* FlightDetailView.swift */; };
		24335899C998B9EE85F3DE8D /* ConnectionCard.swift in Sources */ = {isa = PBXBuildFile; fileRef = 07671944B30A0ADDE336955B /* ConnectionCard.swift */; };
		28B41532664F0666774F2FA6 /* ArcWidget.appex in Embed Foundation Extensions */ = {isa = PBXBuildFile; fileRef = A680FB4FD944A5EFEB911BFE /* ArcWidget.appex */; settings = {ATTRIBUTES = (RemoveHeadersOnCopy, ); }; };
		2AEA6A4A50AA735658212B7D /* AirportOverlapRow.swift in Sources */ = {isa = PBXBuildFile; fileRef = 516D231D56AA6F92EB9A324E /* AirportOverlapRow.swift */; };
		2FF54C18096971D871B206B9 /* Assets.xcassets in Resources */ = {isa = PBXBuildFile; fileRef = 0E950A3B65137B3F46CF9625 /* Assets.xcassets */; };
		301E39861AE25DD77B097AE0 /* StatsDetailView.swift in Sources */ = {isa = PBXBuildFile; fileRef = 350CDBD64C98220C09B88C41 /* StatsDetailView.swift */; };
		3190C8FCAC6039B71113589D /* ReferenceDataTests.swift in Sources */ = {isa = PBXBuildFile; fileRef = A136200E180C33472B503DE3 /* ReferenceDataTests.swift */; };
		31B370AC6D89A2834BA50EE6 /* InboundSelection.swift in Sources */ = {isa = PBXBuildFile; fileRef = DAFCDA1E27F312CF2BBD90DA /* InboundSelection.swift */; };
		3C9CBF3FB7BC17B415D90698 /* MyFlightsView.swift in Sources */ = {isa = PBXBuildFile; fileRef = A99FE65B13FFE0D0203987D5 /* MyFlightsView.swift */; };
		3E3DF80CFC36DE1D86451DDC /* FriendAlerts.swift in Sources */ = {isa = PBXBuildFile; fileRef = DD91C1A4FD9CF312542C0F91 /* FriendAlerts.swift */; };
		3ECCF6ABE970433007FAB23D /* TripInvites.swift in Sources */ = {isa = PBXBuildFile; fileRef = CDD5E5B4DD8F4AFBCE5230CD /* TripInvites.swift */; };
		45B0F3CA74F6ED6B7180B0E9 /* FlightAudienceSheet.swift in Sources */ = {isa = PBXBuildFile; fileRef = 079E88135CF68418B0BFA49F /* FlightAudienceSheet.swift */; };
		47733FC27C873C75889EB557 /* InboundMonitor.swift in Sources */ = {isa = PBXBuildFile; fileRef = C3BA60104125C5743ECF86F8 /* InboundMonitor.swift */; };
		4BE4CB84B06880211275E457 /* FlightLiveActivity.swift in Sources */ = {isa = PBXBuildFile; fileRef = 4FB40E7D146DE8662884B50D /* FlightLiveActivity.swift */; };
		4DC5DD74216D89BCF661E139 /* ArcDesign.swift in Sources */ = {isa = PBXBuildFile; fileRef = 1BFECC1DABBC5FC07371E956 /* ArcDesign.swift */; };
		4FE84FF36951222122D6AFFE /* NetworkMonitor.swift in Sources */ = {isa = PBXBuildFile; fileRef = 7219FA5EF2671212E6AFBC29 /* NetworkMonitor.swift */; };
		5860D96D4762878D6290576C /* FlightRowCard.swift in Sources */ = {isa = PBXBuildFile; fileRef = 4F7A0EB241567A257D24DFD0 /* FlightRowCard.swift */; };
		5A687F07602155831DF39840 /* airlines.json in Resources */ = {isa = PBXBuildFile; fileRef = 85DB98F13E1308062AC4A2A9 /* airlines.json */; };
		5BFC4245B668EF91BE8CF988 /* SettingsView.swift in Sources */ = {isa = PBXBuildFile; fileRef = 4864581CF99C026C4AB5136F /* SettingsView.swift */; };
		5FA1351EE55E4BE4797E59F1 /* FriendGroups.swift in Sources */ = {isa = PBXBuildFile; fileRef = FC305EC99186FF91058284B9 /* FriendGroups.swift */; };
		633BC7BECD1E5940F2E2254D /* IntelligenceVoice.swift in Sources */ = {isa = PBXBuildFile; fileRef = 6674C644473A8513D0618BB7 /* IntelligenceVoice.swift */; };
		6695013CD5AAF30A7BEA4081 /* WidgetRefresh.swift in Sources */ = {isa = PBXBuildFile; fileRef = 5399EEF19DFD1D734FB5504C /* WidgetRefresh.swift */; };
		67CD1CA79C762C8CFD137523 /* ArcTabBar.swift in Sources */ = {isa = PBXBuildFile; fileRef = 98164F646EF99E31FD3731AD /* ArcTabBar.swift */; };
		68F8FBD1C2C9BBFD9A4A81EF /* FriendGroupsTests.swift in Sources */ = {isa = PBXBuildFile; fileRef = A60AED5E6E1620F00029D627 /* FriendGroupsTests.swift */; };
		698CBD586ABAF42BA0EED43B /* ConnectionPlannerTests.swift in Sources */ = {isa = PBXBuildFile; fileRef = C1450F4FF4653A6D0BF449CA /* ConnectionPlannerTests.swift */; };
		6C55946D9BE8B1E555ADBF45 /* AircraftImage.swift in Sources */ = {isa = PBXBuildFile; fileRef = 1A223847338A51B850FB3B5A /* AircraftImage.swift */; };
		702FE8D083DF0D14242F484C /* FlightExporter.swift in Sources */ = {isa = PBXBuildFile; fileRef = A904E8731146A7FB8744B074 /* FlightExporter.swift */; };
		74936AF03801B1DEC0E40739 /* AddFlightView.swift in Sources */ = {isa = PBXBuildFile; fileRef = C6B0AA5B39E6C21E26E17DE7 /* AddFlightView.swift */; };
		74C10FB358EFB074FC86CBA5 /* PassportStats.swift in Sources */ = {isa = PBXBuildFile; fileRef = B38DA68A6519FA66B43996E0 /* PassportStats.swift */; };
		76727308C5C701DE0720CCF0 /* FriendAlertsTests.swift in Sources */ = {isa = PBXBuildFile; fileRef = FF41791DE630A7BDBA2550E7 /* FriendAlertsTests.swift */; };
		76A42DE217B99FCC67076406 /* FlightExporterTests.swift in Sources */ = {isa = PBXBuildFile; fileRef = 345D5BC68228BFA3CD7DD4DB /* FlightExporterTests.swift */; };
		7739FB9D6EB985B087C1BE8A /* AircraftSilhouette.swift in Sources */ = {isa = PBXBuildFile; fileRef = 5CD183275F16AE2660B43277 /* AircraftSilhouette.swift */; };
		77A18B0B76DAA98567EFF92C /* FlightQueryParser.swift in Sources */ = {isa = PBXBuildFile; fileRef = CE57FDA3B828171629338130 /* FlightQueryParser.swift */; };
		78067EB8469F38A3B174A4DE /* SunSide.swift in Sources */ = {isa = PBXBuildFile; fileRef = AEC9695158002B9A459B301E /* SunSide.swift */; };
		782E9CE6FC733FBD77E43A5E /* AirlineLogoView.swift in Sources */ = {isa = PBXBuildFile; fileRef = 11CAB1497F442E72CF11A73F /* AirlineLogoView.swift */; };
		7B0F471853BB32A87C2C3C75 /* FlightDetailSections.swift in Sources */ = {isa = PBXBuildFile; fileRef = 8483E3B4C6E1B44F201F2AAD /* FlightDetailSections.swift */; };
		7E14E00521A22BF09D8F195B /* Flight+Display.swift in Sources */ = {isa = PBXBuildFile; fileRef = 8F99ECA03255BFC524189A60 /* Flight+Display.swift */; };
		825FA5FD9518679A5102F8E5 /* ReferenceModels.swift in Sources */ = {isa = PBXBuildFile; fileRef = 3656C3156166F8E024EE5B7D /* ReferenceModels.swift */; };
		8279A76C5C2594EBFC72E84C /* RotationChain.swift in Sources */ = {isa = PBXBuildFile; fileRef = 265784352B3CDD1B671088AA /* RotationChain.swift */; };
		83DB6FA51D0DC4D1B14F002D /* DepartureEvidence.swift in Sources */ = {isa = PBXBuildFile; fileRef = FA61B45722DDEC3425D45B09 /* DepartureEvidence.swift */; };
		8625562A2DEDFF9FE944C920 /* DemoSeed.swift in Sources */ = {isa = PBXBuildFile; fileRef = 78C36DE016E979779A485A54 /* DemoSeed.swift */; };
		86B066ECAFCF0E3B5E177C8C /* LiveActivityManager.swift in Sources */ = {isa = PBXBuildFile; fileRef = BFC83E4E29772AC89D75C9E8 /* LiveActivityManager.swift */; };
		8D123A8F76E2E356082F43AF /* ShareFlightSheet.swift in Sources */ = {isa = PBXBuildFile; fileRef = 5EB4B844E836C4A35AC54D33 /* ShareFlightSheet.swift */; };
		8ED498F91B66740B412D0611 /* SupabaseClient.swift in Sources */ = {isa = PBXBuildFile; fileRef = 8B5B63F833E1CB9C679CD6C1 /* SupabaseClient.swift */; };
		8F183C5AACBAEDC17407ABD8 /* WidgetData.swift in Sources */ = {isa = PBXBuildFile; fileRef = ED3BBC117AA0A74224DAF8AB /* WidgetData.swift */; };
		8F71B31BFA1A05112FD005B3 /* TaxiCameraTests.swift in Sources */ = {isa = PBXBuildFile; fileRef = 3BF7D3153A1277104EAE2B7C /* TaxiCameraTests.swift */; };
		91538C97272ECB2B1CE14434 /* BrandingTests.swift in Sources */ = {isa = PBXBuildFile; fileRef = 8296407C7B6624104AE2703D /* BrandingTests.swift */; };
		9397CBE5A1FA96AF7846AEBB /* LiveActivityPushSync.swift in Sources */ = {isa = PBXBuildFile; fileRef = 68633311E781A8154C5A2CA5 /* LiveActivityPushSync.swift */; };
		95E9EB1D6085989A0AA988BF /* FriendsView.swift in Sources */ = {isa = PBXBuildFile; fileRef = 343257F6CBC830BB8386C5BA /* FriendsView.swift */; };
		971EC6990D98EC46BEC7C50D /* TripMode.swift in Sources */ = {isa = PBXBuildFile; fileRef = 0DDFB16C2832C0B19003EA0D /* TripMode.swift */; };
		983B4AFEF51BEFD05BB0B9C3 /* ClipboardFlightCodeTests.swift in Sources */ = {isa = PBXBuildFile; fileRef = 4C489E29357F66E23EFC0D7B /* ClipboardFlightCodeTests.swift */; };
		9A74B2D6E44F84C536E4BD1F /* ManageFriendsSheet.swift in Sources */ = {isa = PBXBuildFile; fileRef = 858108E79DAC8F038B9E97E4 /* ManageFriendsSheet.swift */; };
		9A778312A6938772C45A9838 /* TripInviteCard.swift in Sources */ = {isa = PBXBuildFile; fileRef = 30B769750EA0E60EEC3EC42F /* TripInviteCard.swift */; };
		9B2EABE20799CFF960C725EA /* DelayRiskCard.swift in Sources */ = {isa = PBXBuildFile; fileRef = 6F6756FA9C3BDABF5E95114C /* DelayRiskCard.swift */; };
		9B33C29C7FA1F5778E083398 /* FlightActivityAttributes.swift in Sources */ = {isa = PBXBuildFile; fileRef = 4B59DFF600FEDEB5C44BEED7 /* FlightActivityAttributes.swift */; };
		9B63152237B6E5F4B7FA9392 /* DateHelpers.swift in Sources */ = {isa = PBXBuildFile; fileRef = B2ED974C878C66DFB8E89AFE /* DateHelpers.swift */; };
		9C4509B5E588A11B545D2021 /* WidgetData.swift in Sources */ = {isa = PBXBuildFile; fileRef = ED3BBC117AA0A74224DAF8AB /* WidgetData.swift */; };
		9C894C7AEAE72DD9CBA288F8 /* FlightActivityAttributes.swift in Sources */ = {isa = PBXBuildFile; fileRef = 4B59DFF600FEDEB5C44BEED7 /* FlightActivityAttributes.swift */; };
		A0CFDAC70BB886B090D73B83 /* Airport.swift in Sources */ = {isa = PBXBuildFile; fileRef = 45CDEF12D33E504034C15720 /* Airport.swift */; };
		A32EE9AAFF04496627E9FB54 /* Flight+Evidence.swift in Sources */ = {isa = PBXBuildFile; fileRef = 7B99C1400F0C14E02C6DFB4E /* Flight+Evidence.swift */; };
		A83E77612126873053655DD1 /* ScheduleBackfillTests.swift in Sources */ = {isa = PBXBuildFile; fileRef = 283EE3258EC82F97B3FD8892 /* ScheduleBackfillTests.swift */; };
		A9BD4EA4BA0EB46F87F971B3 /* DepartureEvidenceTests.swift in Sources */ = {isa = PBXBuildFile; fileRef = 76A7ACD292B7C11B780E694F /* DepartureEvidenceTests.swift */; };
		AA02B411577D86CF6E20DF8E /* FriendFlightMathTests.swift in Sources */ = {isa = PBXBuildFile; fileRef = BB93B4F2DC11B6653725A2C8 /* FriendFlightMathTests.swift */; };
		AC72B4ED862C05DA412F6850 /* SupabaseSyncTests.swift in Sources */ = {isa = PBXBuildFile; fileRef = E21CAF83A7006D3DEE031E7A /* SupabaseSyncTests.swift */; };
		AD144643F6272369E3A1D584 /* ReferenceData.swift in Sources */ = {isa = PBXBuildFile; fileRef = 178D23CC53F67645C9230260 /* ReferenceData.swift */; };
		AE8A969D54CC001AF4336515 /* Flight.swift in Sources */ = {isa = PBXBuildFile; fileRef = 210826009A37E90654E69671 /* Flight.swift */; };
		B25EC52E0FA211AB82FC6644 /* AirlineBranding.swift in Sources */ = {isa = PBXBuildFile; fileRef = 0E523F671AB6E8AFA8FCF1C3 /* AirlineBranding.swift */; };
		B646A862A5FB908BF520D1E8 /* MapController.swift in Sources */ = {isa = PBXBuildFile; fileRef = CD77AF2CE7584E492AA0A637 /* MapController.swift */; };
		B898832B7AC151BC27E0C6FD /* TripMode.swift in Sources */ = {isa = PBXBuildFile; fileRef = 0DDFB16C2832C0B19003EA0D /* TripMode.swift */; };
		BDA9D40E00E8F38131B3C8FD /* AirportStatusView.swift in Sources */ = {isa = PBXBuildFile; fileRef = B7F9371C57F0DE1D1A4B88E3 /* AirportStatusView.swift */; };
		C0DE555A6BBA8CA7E40648A8 /* TripLogoView.swift in Sources */ = {isa = PBXBuildFile; fileRef = 81A83E908E4D238FB3AB6A45 /* TripLogoView.swift */; };
		C1A749BDDC82ED06F27F8715 /* DelayRiskTests.swift in Sources */ = {isa = PBXBuildFile; fileRef = F70B4249290027FDAFA9D021 /* DelayRiskTests.swift */; };
		C3B05E522F64F7A73BDB3F5F /* ScheduleBackfill.swift in Sources */ = {isa = PBXBuildFile; fileRef = FB709548B711E7098E93A102 /* ScheduleBackfill.swift */; };
		C870B531E4885665A67DA68F /* PlanePositionTests.swift in Sources */ = {isa = PBXBuildFile; fileRef = B48F84455243D0E4149FB369 /* PlanePositionTests.swift */; };
		C8FFD2D8D6BF9BD7326C11AF /* RotationChainTests.swift in Sources */ = {isa = PBXBuildFile; fileRef = 38329F5149CBA92432A823C7 /* RotationChainTests.swift */; };
		C90A55C4564B261C22B0B790 /* ArcApp.swift in Sources */ = {isa = PBXBuildFile; fileRef = 6203F2E6D1096F29FA5083FC /* ArcApp.swift */; };
		C95804ADD76EDEB2671A5121 /* NotificationService.swift in Sources */ = {isa = PBXBuildFile; fileRef = 37EC14EB1C5409FCD9CADB57 /* NotificationService.swift */; };
		CAD442F2201C5E0593480795 /* GeoMath.swift in Sources */ = {isa = PBXBuildFile; fileRef = 5CCB5157053AA1F3BD9AF495 /* GeoMath.swift */; };
		CE8EDCF06AF9286001FAB953 /* airports.json in Resources */ = {isa = PBXBuildFile; fileRef = 3104AD04269DDBC745E354F1 /* airports.json */; };
		CF6320F47EB82BD75EA23A56 /* TravelCompanionsSheet.swift in Sources */ = {isa = PBXBuildFile; fileRef = CFCE4AEB3F85D01514383989 /* TravelCompanionsSheet.swift */; };
		CF9EC77C1A77F199DAD62E77 /* BottomSheet.swift in Sources */ = {isa = PBXBuildFile; fileRef = 85FA6BAFEA7DEBB5CB2DB08F /* BottomSheet.swift */; };
		D262DB5DCAC33D8852BB44F0 /* ConnectionPlanner.swift in Sources */ = {isa = PBXBuildFile; fileRef = 4C1301041A06C6716593057B /* ConnectionPlanner.swift */; };
		D26812028267EF8CE41C593F /* ArcWidgetBundle.swift in Sources */ = {isa = PBXBuildFile; fileRef = 6E939CF90FDCC989380305A0 /* ArcWidgetBundle.swift */; };
		D9F9CD2DDF8F9F47C6B5DEF1 /* MinuteTimer.swift in Sources */ = {isa = PBXBuildFile; fileRef = 20CEE5C663F58D16E8083E28 /* MinuteTimer.swift */; };
		E11048770A6E49C8C938397D /* FlightAPIClient.swift in Sources */ = {isa = PBXBuildFile; fileRef = 1E47BF7D61BAF11682C2B4E2 /* FlightAPIClient.swift */; };
		E2AC5D165AA0A0A30D638EB2 /* TripInviteTests.swift in Sources */ = {isa = PBXBuildFile; fileRef = 2AAA85683251E0048E5FBC31 /* TripInviteTests.swift */; };
		E64226C8F2F29728DFB84855 /* WidgetSync.swift in Sources */ = {isa = PBXBuildFile; fileRef = E909886CA15B1B79B6D631A0 /* WidgetSync.swift */; };
		E66A60BDC3290A6FBD47C2B4 /* FlightTracker.swift in Sources */ = {isa = PBXBuildFile; fileRef = 234B3612AF40D9B0CBA15CBE /* FlightTracker.swift */; };
		E84B095C2CDB1EAAB5567249 /* PassportView.swift in Sources */ = {isa = PBXBuildFile; fileRef = 0DDC05441C6505A7B01620F3 /* PassportView.swift */; };
		F426D81F00E9F6FAF3A09D17 /* BackgroundFlightUpdater.swift in Sources */ = {isa = PBXBuildFile; fileRef = D055CC753814BAE54C3C7094 /* BackgroundFlightUpdater.swift */; };
		F4EF39911CBB7F824BE309E4 /* FriendAvatar.swift in Sources */ = {isa = PBXBuildFile; fileRef = 3B473AA396AFB87F8FA33DBD /* FriendAvatar.swift */; };
		F7FB1ADA70699CF04534CC8E /* LiveActivityAvatarStore.swift in Sources */ = {isa = PBXBuildFile; fileRef = DED11A1E25ADE83A8C977857 /* LiveActivityAvatarStore.swift */; };
		FD48EDF02229BF53B07CF93B /* NextFlightWidget.swift in Sources */ = {isa = PBXBuildFile; fileRef = 888B0D037817C14E4AF0BAB7 /* NextFlightWidget.swift */; };
		FF28A915F2E461B6A44D4F3A /* FlightDisplayTests.swift in Sources */ = {isa = PBXBuildFile; fileRef = 64047F33627992F4D8030E71 /* FlightDisplayTests.swift */; };
/* End PBXBuildFile section */

/* Begin PBXContainerItemProxy section */
		07234C0A479A51C316B4B403 /* PBXContainerItemProxy */ = {
			isa = PBXContainerItemProxy;
			containerPortal = EBAD1D3D9882D2E73DFD036C /* Project object */;
			proxyType = 1;
			remoteGlobalIDString = 670DE7EC6854CC229143633E;
			remoteInfo = Arc;
		};
		8F96802FBD8F9E0E76E693E2 /* PBXContainerItemProxy */ = {
			isa = PBXContainerItemProxy;
			containerPortal = EBAD1D3D9882D2E73DFD036C /* Project object */;
			proxyType = 1;
			remoteGlobalIDString = 88B9A5180C02CFA3B6E6A35A;
			remoteInfo = ArcWidget;
		};
/* End PBXContainerItemProxy section */

/* Begin PBXCopyFilesBuildPhase section */
		2369BA4CCB1686083D29B1B3 /* Embed Foundation Extensions */ = {
			isa = PBXCopyFilesBuildPhase;
			buildActionMask = 2147483647;
			dstPath = "";
			dstSubfolderSpec = 13;
			files = (
				28B41532664F0666774F2FA6 /* ArcWidget.appex in Embed Foundation Extensions */,
			);
			name = "Embed Foundation Extensions";
			runOnlyForDeploymentPostprocessing = 0;
		};
/* End PBXCopyFilesBuildPhase section */

/* Begin PBXFileReference section */
		07671944B30A0ADDE336955B /* ConnectionCard.swift */ = {isa = PBXFileReference; lastKnownFileType = sourcecode.swift; path = ConnectionCard.swift; sourceTree = "<group>"; };
		079E88135CF68418B0BFA49F /* FlightAudienceSheet.swift */ = {isa = PBXFileReference; lastKnownFileType = sourcecode.swift; path = FlightAudienceSheet.swift; sourceTree = "<group>"; };
		0A54EAE7163E5314C68F828C /* ArcRootView.swift */ = {isa = PBXFileReference; lastKnownFileType = sourcecode.swift; path = ArcRootView.swift; sourceTree = "<group>"; };
		0DDC05441C6505A7B01620F3 /* PassportView.swift */ = {isa = PBXFileReference; lastKnownFileType = sourcecode.swift; path = PassportView.swift; sourceTree = "<group>"; };
		0DDFB16C2832C0B19003EA0D /* TripMode.swift */ = {isa = PBXFileReference; lastKnownFileType = sourcecode.swift; path = TripMode.swift; sourceTree = "<group>"; };
		0E523F671AB6E8AFA8FCF1C3 /* AirlineBranding.swift */ = {isa = PBXFileReference; lastKnownFileType = sourcecode.swift; path = AirlineBranding.swift; sourceTree = "<group>"; };
		0E634408216EF7CB31B1C8FE /* Info.plist */ = {isa = PBXFileReference; lastKnownFileType = text.plist; path = Info.plist; sourceTree = "<group>"; };
		0E950A3B65137B3F46CF9625 /* Assets.xcassets */ = {isa = PBXFileReference; lastKnownFileType = folder.assetcatalog; path = Assets.xcassets; sourceTree = "<group>"; };
		11CAB1497F442E72CF11A73F /* AirlineLogoView.swift */ = {isa = PBXFileReference; lastKnownFileType = sourcecode.swift; path = AirlineLogoView.swift; sourceTree = "<group>"; };
		14FAE84C003F055E6FD5E1EC /* FlightAudienceTests.swift */ = {isa = PBXFileReference; lastKnownFileType = sourcecode.swift; path = FlightAudienceTests.swift; sourceTree = "<group>"; };
		178D23CC53F67645C9230260 /* ReferenceData.swift */ = {isa = PBXFileReference; lastKnownFileType = sourcecode.swift; path = ReferenceData.swift; sourceTree = "<group>"; };
		1A223847338A51B850FB3B5A /* AircraftImage.swift */ = {isa = PBXFileReference; lastKnownFileType = sourcecode.swift; path = AircraftImage.swift; sourceTree = "<group>"; };
		1BFECC1DABBC5FC07371E956 /* ArcDesign.swift */ = {isa = PBXFileReference; lastKnownFileType = sourcecode.swift; path = ArcDesign.swift; sourceTree = "<group>"; };
		1E47BF7D61BAF11682C2B4E2 /* FlightAPIClient.swift */ = {isa = PBXFileReference; lastKnownFileType = sourcecode.swift; path = FlightAPIClient.swift; sourceTree = "<group>"; };
		2091849463E3B42B39109819 /* ArcTheme.swift */ = {isa = PBXFileReference; lastKnownFileType = sourcecode.swift; path = ArcTheme.swift; sourceTree = "<group>"; };
		20CEE5C663F58D16E8083E28 /* MinuteTimer.swift */ = {isa = PBXFileReference; lastKnownFileType = sourcecode.swift; path = MinuteTimer.swift; sourceTree = "<group>"; };
		210826009A37E90654E69671 /* Flight.swift */ = {isa = PBXFileReference; lastKnownFileType = sourcecode.swift; path = Flight.swift; sourceTree = "<group>"; };
		234B3612AF40D9B0CBA15CBE /* FlightTracker.swift */ = {isa = PBXFileReference; lastKnownFileType = sourcecode.swift; path = FlightTracker.swift; sourceTree = "<group>"; };
		265784352B3CDD1B671088AA /* RotationChain.swift */ = {isa = PBXFileReference; lastKnownFileType = sourcecode.swift; path = RotationChain.swift; sourceTree = "<group>"; };
		283EE3258EC82F97B3FD8892 /* ScheduleBackfillTests.swift */ = {isa = PBXFileReference; lastKnownFileType = sourcecode.swift; path = ScheduleBackfillTests.swift; sourceTree = "<group>"; };
		2AAA85683251E0048E5FBC31 /* TripInviteTests.swift */ = {isa = PBXFileReference; lastKnownFileType = sourcecode.swift; path = TripInviteTests.swift; sourceTree = "<group>"; };
		2AD3936B9A068A6D1B734331 /* SupabaseErrorTests.swift */ = {isa = PBXFileReference; lastKnownFileType = sourcecode.swift; path = SupabaseErrorTests.swift; sourceTree = "<group>"; };
		30B769750EA0E60EEC3EC42F /* TripInviteCard.swift */ = {isa = PBXFileReference; lastKnownFileType = sourcecode.swift; path = TripInviteCard.swift; sourceTree = "<group>"; };
		3104AD04269DDBC745E354F1 /* airports.json */ = {isa = PBXFileReference; lastKnownFileType = text.json; path = airports.json; sourceTree = "<group>"; };
		343257F6CBC830BB8386C5BA /* FriendsView.swift */ = {isa = PBXFileReference; lastKnownFileType = sourcecode.swift; path = FriendsView.swift; sourceTree = "<group>"; };
		345D5BC68228BFA3CD7DD4DB /* FlightExporterTests.swift */ = {isa = PBXFileReference; lastKnownFileType = sourcecode.swift; path = FlightExporterTests.swift; sourceTree = "<group>"; };
		350CDBD64C98220C09B88C41 /* StatsDetailView.swift */ = {isa = PBXFileReference; lastKnownFileType = sourcecode.swift; path = StatsDetailView.swift; sourceTree = "<group>"; };
		3656C3156166F8E024EE5B7D /* ReferenceModels.swift */ = {isa = PBXFileReference; lastKnownFileType = sourcecode.swift; path = ReferenceModels.swift; sourceTree = "<group>"; };
		37EC14EB1C5409FCD9CADB57 /* NotificationService.swift */ = {isa = PBXFileReference; lastKnownFileType = sourcecode.swift; path = NotificationService.swift; sourceTree = "<group>"; };
		38329F5149CBA92432A823C7 /* RotationChainTests.swift */ = {isa = PBXFileReference; lastKnownFileType = sourcecode.swift; path = RotationChainTests.swift; sourceTree = "<group>"; };
		3982B16A2E83D23E09279400 /* InboundSelectionTests.swift */ = {isa = PBXFileReference; lastKnownFileType = sourcecode.swift; path = InboundSelectionTests.swift; sourceTree = "<group>"; };
		3B473AA396AFB87F8FA33DBD /* FriendAvatar.swift */ = {isa = PBXFileReference; lastKnownFileType = sourcecode.swift; path = FriendAvatar.swift; sourceTree = "<group>"; };
		3BF7D3153A1277104EAE2B7C /* TaxiCameraTests.swift */ = {isa = PBXFileReference; lastKnownFileType = sourcecode.swift; path = TaxiCameraTests.swift; sourceTree = "<group>"; };
		45CDEF12D33E504034C15720 /* Airport.swift */ = {isa = PBXFileReference; lastKnownFileType = sourcecode.swift; path = Airport.swift; sourceTree = "<group>"; };
		4864581CF99C026C4AB5136F /* SettingsView.swift */ = {isa = PBXFileReference; lastKnownFileType = sourcecode.swift; path = SettingsView.swift; sourceTree = "<group>"; };
		4B59DFF600FEDEB5C44BEED7 /* FlightActivityAttributes.swift */ = {isa = PBXFileReference; lastKnownFileType = sourcecode.swift; path = FlightActivityAttributes.swift; sourceTree = "<group>"; };
		4C1301041A06C6716593057B /* ConnectionPlanner.swift */ = {isa = PBXFileReference; lastKnownFileType = sourcecode.swift; path = ConnectionPlanner.swift; sourceTree = "<group>"; };
		4C489E29357F66E23EFC0D7B /* ClipboardFlightCodeTests.swift */ = {isa = PBXFileReference; lastKnownFileType = sourcecode.swift; path = ClipboardFlightCodeTests.swift; sourceTree = "<group>"; };
		4CDBA155BE116022B7E2F90F /* MapControls.swift */ = {isa = PBXFileReference; lastKnownFileType = sourcecode.swift; path = MapControls.swift; sourceTree = "<group>"; };
		4F45EC7B8D2BEC6A79A78C9B /* DelayRisk.swift */ = {isa = PBXFileReference; lastKnownFileType = sourcecode.swift; path = DelayRisk.swift; sourceTree = "<group>"; };
		4F7A0EB241567A257D24DFD0 /* FlightRowCard.swift */ = {isa = PBXFileReference; lastKnownFileType = sourcecode.swift; path = FlightRowCard.swift; sourceTree = "<group>"; };
		4FB40E7D146DE8662884B50D /* FlightLiveActivity.swift */ = {isa = PBXFileReference; lastKnownFileType = sourcecode.swift; path = FlightLiveActivity.swift; sourceTree = "<group>"; };
		516D231D56AA6F92EB9A324E /* AirportOverlapRow.swift */ = {isa = PBXFileReference; lastKnownFileType = sourcecode.swift; path = AirportOverlapRow.swift; sourceTree = "<group>"; };
		5399EEF19DFD1D734FB5504C /* WidgetRefresh.swift */ = {isa = PBXFileReference; lastKnownFileType = sourcecode.swift; path = WidgetRefresh.swift; sourceTree = "<group>"; };
		5460A62472771819DEC2B78A /* FriendsFeedTests.swift */ = {isa = PBXFileReference; lastKnownFileType = sourcecode.swift; path = FriendsFeedTests.swift; sourceTree = "<group>"; };
		56B017439A4B961EDCDB7E05 /* FriendsStore.swift */ = {isa = PBXFileReference; lastKnownFileType = sourcecode.swift; path = FriendsStore.swift; sourceTree = "<group>"; };
		5CCB5157053AA1F3BD9AF495 /* GeoMath.swift */ = {isa = PBXFileReference; lastKnownFileType = sourcecode.swift; path = GeoMath.swift; sourceTree = "<group>"; };
		5CD183275F16AE2660B43277 /* AircraftSilhouette.swift */ = {isa = PBXFileReference; lastKnownFileType = sourcecode.swift; path = AircraftSilhouette.swift; sourceTree = "<group>"; };
		5DFE5890F673E6E56FF7EAEF /* Arc.app */ = {isa = PBXFileReference; includeInIndex = 0; lastKnownFileType = wrapper.application; path = Arc.app; sourceTree = BUILT_PRODUCTS_DIR; };
		5EB4B844E836C4A35AC54D33 /* ShareFlightSheet.swift */ = {isa = PBXFileReference; lastKnownFileType = sourcecode.swift; path = ShareFlightSheet.swift; sourceTree = "<group>"; };
		6203F2E6D1096F29FA5083FC /* ArcApp.swift */ = {isa = PBXFileReference; lastKnownFileType = sourcecode.swift; path = ArcApp.swift; sourceTree = "<group>"; };
		64047F33627992F4D8030E71 /* FlightDisplayTests.swift */ = {isa = PBXFileReference; lastKnownFileType = sourcecode.swift; path = FlightDisplayTests.swift; sourceTree = "<group>"; };
		6674C644473A8513D0618BB7 /* IntelligenceVoice.swift */ = {isa = PBXFileReference; lastKnownFileType = sourcecode.swift; path = IntelligenceVoice.swift; sourceTree = "<group>"; };
		66A38232A6E768DF2669A448 /* GeoMathTests.swift */ = {isa = PBXFileReference; lastKnownFileType = sourcecode.swift; path = GeoMathTests.swift; sourceTree = "<group>"; };
		68633311E781A8154C5A2CA5 /* LiveActivityPushSync.swift */ = {isa = PBXFileReference; lastKnownFileType = sourcecode.swift; path = LiveActivityPushSync.swift; sourceTree = "<group>"; };
		6E939CF90FDCC989380305A0 /* ArcWidgetBundle.swift */ = {isa = PBXFileReference; lastKnownFileType = sourcecode.swift; path = ArcWidgetBundle.swift; sourceTree = "<group>"; };
		6F6756FA9C3BDABF5E95114C /* DelayRiskCard.swift */ = {isa = PBXFileReference; lastKnownFileType = sourcecode.swift; path = DelayRiskCard.swift; sourceTree = "<group>"; };
		7219FA5EF2671212E6AFBC29 /* NetworkMonitor.swift */ = {isa = PBXFileReference; lastKnownFileType = sourcecode.swift; path = NetworkMonitor.swift; sourceTree = "<group>"; };
		734A69EC4EB99125C060E4F5 /* FlightDetailView.swift */ = {isa = PBXFileReference; lastKnownFileType = sourcecode.swift; path = FlightDetailView.swift; sourceTree = "<group>"; };
		76A7ACD292B7C11B780E694F /* DepartureEvidenceTests.swift */ = {isa = PBXFileReference; lastKnownFileType = sourcecode.swift; path = DepartureEvidenceTests.swift; sourceTree = "<group>"; };
		78C36DE016E979779A485A54 /* DemoSeed.swift */ = {isa = PBXFileReference; lastKnownFileType = sourcecode.swift; path = DemoSeed.swift; sourceTree = "<group>"; };
		7B99C1400F0C14E02C6DFB4E /* Flight+Evidence.swift */ = {isa = PBXFileReference; lastKnownFileType = sourcecode.swift; path = "Flight+Evidence.swift"; sourceTree = "<group>"; };
		7EC116B53681F7234E0DDDC9 /* ArcTests.xctest */ = {isa = PBXFileReference; includeInIndex = 0; lastKnownFileType = wrapper.cfbundle; path = ArcTests.xctest; sourceTree = BUILT_PRODUCTS_DIR; };
		8011F1F9596F27743C731E2F /* SmokeTests.swift */ = {isa = PBXFileReference; lastKnownFileType = sourcecode.swift; path = SmokeTests.swift; sourceTree = "<group>"; };
		81A83E908E4D238FB3AB6A45 /* TripLogoView.swift */ = {isa = PBXFileReference; lastKnownFileType = sourcecode.swift; path = TripLogoView.swift; sourceTree = "<group>"; };
		8296407C7B6624104AE2703D /* BrandingTests.swift */ = {isa = PBXFileReference; lastKnownFileType = sourcecode.swift; path = BrandingTests.swift; sourceTree = "<group>"; };
		8483E3B4C6E1B44F201F2AAD /* FlightDetailSections.swift */ = {isa = PBXFileReference; lastKnownFileType = sourcecode.swift; path = FlightDetailSections.swift; sourceTree = "<group>"; };
		858108E79DAC8F038B9E97E4 /* ManageFriendsSheet.swift */ = {isa = PBXFileReference; lastKnownFileType = sourcecode.swift; path = ManageFriendsSheet.swift; sourceTree = "<group>"; };
		85DB98F13E1308062AC4A2A9 /* airlines.json */ = {isa = PBXFileReference; lastKnownFileType = text.json; path = airlines.json; sourceTree = "<group>"; };
		85FA6BAFEA7DEBB5CB2DB08F /* BottomSheet.swift */ = {isa = PBXFileReference; lastKnownFileType = sourcecode.swift; path = BottomSheet.swift; sourceTree = "<group>"; };
		888B0D037817C14E4AF0BAB7 /* NextFlightWidget.swift */ = {isa = PBXFileReference; lastKnownFileType = sourcecode.swift; path = NextFlightWidget.swift; sourceTree = "<group>"; };
		8B5B63F833E1CB9C679CD6C1 /* SupabaseClient.swift */ = {isa = PBXFileReference; lastKnownFileType = sourcecode.swift; path = SupabaseClient.swift; sourceTree = "<group>"; };
		8F99ECA03255BFC524189A60 /* Flight+Display.swift */ = {isa = PBXFileReference; lastKnownFileType = sourcecode.swift; path = "Flight+Display.swift"; sourceTree = "<group>"; };
		98164F646EF99E31FD3731AD /* ArcTabBar.swift */ = {isa = PBXFileReference; lastKnownFileType = sourcecode.swift; path = ArcTabBar.swift; sourceTree = "<group>"; };
		99C658BC80584432FD6E1A9E /* TripModeTests.swift */ = {isa = PBXFileReference; lastKnownFileType = sourcecode.swift; path = TripModeTests.swift; sourceTree = "<group>"; };
		A136200E180C33472B503DE3 /* ReferenceDataTests.swift */ = {isa = PBXFileReference; lastKnownFileType = sourcecode.swift; path = ReferenceDataTests.swift; sourceTree = "<group>"; };
		A2D08589F3ED37C33758DAC5 /* TextHelpers.swift */ = {isa = PBXFileReference; lastKnownFileType = sourcecode.swift; path = TextHelpers.swift; sourceTree = "<group>"; };
		A60AED5E6E1620F00029D627 /* FriendGroupsTests.swift */ = {isa = PBXFileReference; lastKnownFileType = sourcecode.swift; path = FriendGroupsTests.swift; sourceTree = "<group>"; };
		A680FB4FD944A5EFEB911BFE /* ArcWidget.appex */ = {isa = PBXFileReference; includeInIndex = 0; lastKnownFileType = "wrapper.app-extension"; path = ArcWidget.appex; sourceTree = BUILT_PRODUCTS_DIR; };
		A904E8731146A7FB8744B074 /* FlightExporter.swift */ = {isa = PBXFileReference; lastKnownFileType = sourcecode.swift; path = FlightExporter.swift; sourceTree = "<group>"; };
		A99FE65B13FFE0D0203987D5 /* MyFlightsView.swift */ = {isa = PBXFileReference; lastKnownFileType = sourcecode.swift; path = MyFlightsView.swift; sourceTree = "<group>"; };
		AEC9695158002B9A459B301E /* SunSide.swift */ = {isa = PBXFileReference; lastKnownFileType = sourcecode.swift; path = SunSide.swift; sourceTree = "<group>"; };
		B2ED974C878C66DFB8E89AFE /* DateHelpers.swift */ = {isa = PBXFileReference; lastKnownFileType = sourcecode.swift; path = DateHelpers.swift; sourceTree = "<group>"; };
		B38DA68A6519FA66B43996E0 /* PassportStats.swift */ = {isa = PBXFileReference; lastKnownFileType = sourcecode.swift; path = PassportStats.swift; sourceTree = "<group>"; };
		B48F84455243D0E4149FB369 /* PlanePositionTests.swift */ = {isa = PBXFileReference; lastKnownFileType = sourcecode.swift; path = PlanePositionTests.swift; sourceTree = "<group>"; };
		B7F9371C57F0DE1D1A4B88E3 /* AirportStatusView.swift */ = {isa = PBXFileReference; lastKnownFileType = sourcecode.swift; path = AirportStatusView.swift; sourceTree = "<group>"; };
		BB93B4F2DC11B6653725A2C8 /* FriendFlightMathTests.swift */ = {isa = PBXFileReference; lastKnownFileType = sourcecode.swift; path = FriendFlightMathTests.swift; sourceTree = "<group>"; };
		BFC83E4E29772AC89D75C9E8 /* LiveActivityManager.swift */ = {isa = PBXFileReference; lastKnownFileType = sourcecode.swift; path = LiveActivityManager.swift; sourceTree = "<group>"; };
		C1450F4FF4653A6D0BF449CA /* ConnectionPlannerTests.swift */ = {isa = PBXFileReference; lastKnownFileType = sourcecode.swift; path = ConnectionPlannerTests.swift; sourceTree = "<group>"; };
		C3BA60104125C5743ECF86F8 /* InboundMonitor.swift */ = {isa = PBXFileReference; lastKnownFileType = sourcecode.swift; path = InboundMonitor.swift; sourceTree = "<group>"; };
		C6B0AA5B39E6C21E26E17DE7 /* AddFlightView.swift */ = {isa = PBXFileReference; lastKnownFileType = sourcecode.swift; path = AddFlightView.swift; sourceTree = "<group>"; };
		C8B050595CEBC559BB3F8B48 /* FlightQueryParserTests.swift */ = {isa = PBXFileReference; lastKnownFileType = sourcecode.swift; path = FlightQueryParserTests.swift; sourceTree = "<group>"; };
		CD77AF2CE7584E492AA0A637 /* MapController.swift */ = {isa = PBXFileReference; lastKnownFileType = sourcecode.swift; path = MapController.swift; sourceTree = "<group>"; };
		CDD5E5B4DD8F4AFBCE5230CD /* TripInvites.swift */ = {isa = PBXFileReference; lastKnownFileType = sourcecode.swift; path = TripInvites.swift; sourceTree = "<group>"; };
		CE57FDA3B828171629338130 /* FlightQueryParser.swift */ = {isa = PBXFileReference; lastKnownFileType = sourcecode.swift; path = FlightQueryParser.swift; sourceTree = "<group>"; };
		CFCE4AEB3F85D01514383989 /* TravelCompanionsSheet.swift */ = {isa = PBXFileReference; lastKnownFileType = sourcecode.swift; path = TravelCompanionsSheet.swift; sourceTree = "<group>"; };
		D055CC753814BAE54C3C7094 /* BackgroundFlightUpdater.swift */ = {isa = PBXFileReference; lastKnownFileType = sourcecode.swift; path = BackgroundFlightUpdater.swift; sourceTree = "<group>"; };
		D318093F38973AB568D94123 /* ArcMapView.swift */ = {isa = PBXFileReference; lastKnownFileType = sourcecode.swift; path = ArcMapView.swift; sourceTree = "<group>"; };
		DAFCDA1E27F312CF2BBD90DA /* InboundSelection.swift */ = {isa = PBXFileReference; lastKnownFileType = sourcecode.swift; path = InboundSelection.swift; sourceTree = "<group>"; };
		DD91C1A4FD9CF312542C0F91 /* FriendAlerts.swift */ = {isa = PBXFileReference; lastKnownFileType = sourcecode.swift; path = FriendAlerts.swift; sourceTree = "<group>"; };
		DED11A1E25ADE83A8C977857 /* LiveActivityAvatarStore.swift */ = {isa = PBXFileReference; lastKnownFileType = sourcecode.swift; path = LiveActivityAvatarStore.swift; sourceTree = "<group>"; };
		E21CAF83A7006D3DEE031E7A /* SupabaseSyncTests.swift */ = {isa = PBXFileReference; lastKnownFileType = sourcecode.swift; path = SupabaseSyncTests.swift; sourceTree = "<group>"; };
		E909886CA15B1B79B6D631A0 /* WidgetSync.swift */ = {isa = PBXFileReference; lastKnownFileType = sourcecode.swift; path = WidgetSync.swift; sourceTree = "<group>"; };
		ED3BBC117AA0A74224DAF8AB /* WidgetData.swift */ = {isa = PBXFileReference; lastKnownFileType = sourcecode.swift; path = WidgetData.swift; sourceTree = "<group>"; };
		F70B4249290027FDAFA9D021 /* DelayRiskTests.swift */ = {isa = PBXFileReference; lastKnownFileType = sourcecode.swift; path = DelayRiskTests.swift; sourceTree = "<group>"; };
		F9D60FB79B4585323258D954 /* RemotePush.swift */ = {isa = PBXFileReference; lastKnownFileType = sourcecode.swift; path = RemotePush.swift; sourceTree = "<group>"; };
		FA61B45722DDEC3425D45B09 /* DepartureEvidence.swift */ = {isa = PBXFileReference; lastKnownFileType = sourcecode.swift; path = DepartureEvidence.swift; sourceTree = "<group>"; };
		FB709548B711E7098E93A102 /* ScheduleBackfill.swift */ = {isa = PBXFileReference; lastKnownFileType = sourcecode.swift; path = ScheduleBackfill.swift; sourceTree = "<group>"; };
		FC305EC99186FF91058284B9 /* FriendGroups.swift */ = {isa = PBXFileReference; lastKnownFileType = sourcecode.swift; path = FriendGroups.swift; sourceTree = "<group>"; };
		FF41791DE630A7BDBA2550E7 /* FriendAlertsTests.swift */ = {isa = PBXFileReference; lastKnownFileType = sourcecode.swift; path = FriendAlertsTests.swift; sourceTree = "<group>"; };
/* End PBXFileReference section */

/* Begin PBXGroup section */
		097F575F0A7F2A645E03CCDC /* Map */ = {
			isa = PBXGroup;
			children = (
				D318093F38973AB568D94123 /* ArcMapView.swift */,
				5CCB5157053AA1F3BD9AF495 /* GeoMath.swift */,
				CD77AF2CE7584E492AA0A637 /* MapController.swift */,
			);
			path = Map;
			sourceTree = "<group>";
		};
		1B522C3FE92208C579B8483A /* Add */ = {
			isa = PBXGroup;
			children = (
				C6B0AA5B39E6C21E26E17DE7 /* AddFlightView.swift */,
			);
			path = Add;
			sourceTree = "<group>";
		};
		1CE7FC13C801819D0E86B097 /* Airport */ = {
			isa = PBXGroup;
			children = (
				B7F9371C57F0DE1D1A4B88E3 /* AirportStatusView.swift */,
			);
			path = Airport;
			sourceTree = "<group>";
		};
		2BA66D31C4D7DB9B51EA66E2 /* Detail */ = {
			isa = PBXGroup;
			children = (
				516D231D56AA6F92EB9A324E /* AirportOverlapRow.swift */,
				07671944B30A0ADDE336955B /* ConnectionCard.swift */,
				6F6756FA9C3BDABF5E95114C /* DelayRiskCard.swift */,
				8483E3B4C6E1B44F201F2AAD /* FlightDetailSections.swift */,
				734A69EC4EB99125C060E4F5 /* FlightDetailView.swift */,
				5EB4B844E836C4A35AC54D33 /* ShareFlightSheet.swift */,
			);
			path = Detail;
			sourceTree = "<group>";
		};
		33C15B8470A543892EA96209 /* Resources */ = {
			isa = PBXGroup;
			children = (
				85DB98F13E1308062AC4A2A9 /* airlines.json */,
				3104AD04269DDBC745E354F1 /* airports.json */,
			);
			path = Resources;
			sourceTree = "<group>";
		};
		43ABFA4A044A3FC50C162D4A /* Settings */ = {
			isa = PBXGroup;
			children = (
				4864581CF99C026C4AB5136F /* SettingsView.swift */,
			);
			path = Settings;
			sourceTree = "<group>";
		};
		46D873BC1EA7F6A4DC87082E /* Friends */ = {
			isa = PBXGroup;
			children = (
				079E88135CF68418B0BFA49F /* FlightAudienceSheet.swift */,
				343257F6CBC830BB8386C5BA /* FriendsView.swift */,
				858108E79DAC8F038B9E97E4 /* ManageFriendsSheet.swift */,
				CFCE4AEB3F85D01514383989 /* TravelCompanionsSheet.swift */,
			);
			path = Friends;
			sourceTree = "<group>";
		};
		4F2534B1CB451EE570B34F3F /* ArcWidget */ = {
			isa = PBXGroup;
			children = (
				6E939CF90FDCC989380305A0 /* ArcWidgetBundle.swift */,
				4FB40E7D146DE8662884B50D /* FlightLiveActivity.swift */,
				6674C644473A8513D0618BB7 /* IntelligenceVoice.swift */,
				20CEE5C663F58D16E8083E28 /* MinuteTimer.swift */,
				888B0D037817C14E4AF0BAB7 /* NextFlightWidget.swift */,
				5399EEF19DFD1D734FB5504C /* WidgetRefresh.swift */,
			);
			path = ArcWidget;
			sourceTree = "<group>";
		};
		56BD32AAEBF832991570B246 /* Products */ = {
			isa = PBXGroup;
			children = (
				5DFE5890F673E6E56FF7EAEF /* Arc.app */,
				7EC116B53681F7234E0DDDC9 /* ArcTests.xctest */,
				A680FB4FD944A5EFEB911BFE /* ArcWidget.appex */,
			);
			name = Products;
			sourceTree = "<group>";
		};
		62463CF3932253BA671AEE54 /* Arc */ = {
			isa = PBXGroup;
			children = (
				6203F2E6D1096F29FA5083FC /* ArcApp.swift */,
				0E950A3B65137B3F46CF9625 /* Assets.xcassets */,
				0E634408216EF7CB31B1C8FE /* Info.plist */,
				D5E29A3BCE1DDBE9D039E27B /* Components */,
				C7872DF86AD9D7368BA115A3 /* DesignSystem */,
				EE53A14AC45F34800199559A /* Features */,
				097F575F0A7F2A645E03CCDC /* Map */,
				9A6FFADE36F3A7441D00E412 /* Models */,
				33C15B8470A543892EA96209 /* Resources */,
				7E250120CEDC24D838FB7CC5 /* Services */,
			);
			path = Arc;
			sourceTree = "<group>";
		};
		7E250120CEDC24D838FB7CC5 /* Services */ = {
			isa = PBXGroup;
			children = (
				1A223847338A51B850FB3B5A /* AircraftImage.swift */,
				0E523F671AB6E8AFA8FCF1C3 /* AirlineBranding.swift */,
				D055CC753814BAE54C3C7094 /* BackgroundFlightUpdater.swift */,
				4C1301041A06C6716593057B /* ConnectionPlanner.swift */,
				B2ED974C878C66DFB8E89AFE /* DateHelpers.swift */,
				4F45EC7B8D2BEC6A79A78C9B /* DelayRisk.swift */,
				1E47BF7D61BAF11682C2B4E2 /* FlightAPIClient.swift */,
				A904E8731146A7FB8744B074 /* FlightExporter.swift */,
				CE57FDA3B828171629338130 /* FlightQueryParser.swift */,
				234B3612AF40D9B0CBA15CBE /* FlightTracker.swift */,
				DD91C1A4FD9CF312542C0F91 /* FriendAlerts.swift */,
				FC305EC99186FF91058284B9 /* FriendGroups.swift */,
				56B017439A4B961EDCDB7E05 /* FriendsStore.swift */,
				C3BA60104125C5743ECF86F8 /* InboundMonitor.swift */,
				DAFCDA1E27F312CF2BBD90DA /* InboundSelection.swift */,
				DED11A1E25ADE83A8C977857 /* LiveActivityAvatarStore.swift */,
				BFC83E4E29772AC89D75C9E8 /* LiveActivityManager.swift */,
				68633311E781A8154C5A2CA5 /* LiveActivityPushSync.swift */,
				7219FA5EF2671212E6AFBC29 /* NetworkMonitor.swift */,
				37EC14EB1C5409FCD9CADB57 /* NotificationService.swift */,
				178D23CC53F67645C9230260 /* ReferenceData.swift */,
				F9D60FB79B4585323258D954 /* RemotePush.swift */,
				265784352B3CDD1B671088AA /* RotationChain.swift */,
				FB709548B711E7098E93A102 /* ScheduleBackfill.swift */,
				AEC9695158002B9A459B301E /* SunSide.swift */,
				8B5B63F833E1CB9C679CD6C1 /* SupabaseClient.swift */,
				A2D08589F3ED37C33758DAC5 /* TextHelpers.swift */,
				CDD5E5B4DD8F4AFBCE5230CD /* TripInvites.swift */,
				E909886CA15B1B79B6D631A0 /* WidgetSync.swift */,
			);
			path = Services;
			sourceTree = "<group>";
		};
		9A6FFADE36F3A7441D00E412 /* Models */ = {
			isa = PBXGroup;
			children = (
				45CDEF12D33E504034C15720 /* Airport.swift */,
				210826009A37E90654E69671 /* Flight.swift */,
				8F99ECA03255BFC524189A60 /* Flight+Display.swift */,
				7B99C1400F0C14E02C6DFB4E /* Flight+Evidence.swift */,
				3656C3156166F8E024EE5B7D /* ReferenceModels.swift */,
			);
			path = Models;
			sourceTree = "<group>";
		};
		9E630D3B91DF556A47C43579 /* Passport */ = {
			isa = PBXGroup;
			children = (
				B38DA68A6519FA66B43996E0 /* PassportStats.swift */,
				0DDC05441C6505A7B01620F3 /* PassportView.swift */,
				350CDBD64C98220C09B88C41 /* StatsDetailView.swift */,
			);
			path = Passport;
			sourceTree = "<group>";
		};
		A2CA152829D97FB89330C0BC /* Shared */ = {
			isa = PBXGroup;
			children = (
				FA61B45722DDEC3425D45B09 /* DepartureEvidence.swift */,
				4B59DFF600FEDEB5C44BEED7 /* FlightActivityAttributes.swift */,
				0DDFB16C2832C0B19003EA0D /* TripMode.swift */,
				ED3BBC117AA0A74224DAF8AB /* WidgetData.swift */,
			);
			path = Shared;
			sourceTree = "<group>";
		};
		A61B593F696A351DF5E44DA3 /* Root */ = {
			isa = PBXGroup;
			children = (
				0A54EAE7163E5314C68F828C /* ArcRootView.swift */,
				78C36DE016E979779A485A54 /* DemoSeed.swift */,
			);
			path = Root;
			sourceTree = "<group>";
		};
		AAFBC31CF1D85400F1B1389C = {
			isa = PBXGroup;
			children = (
				62463CF3932253BA671AEE54 /* Arc */,
				F217BA22EB7CDEAB4A10C314 /* ArcTests */,
				4F2534B1CB451EE570B34F3F /* ArcWidget */,
				A2CA152829D97FB89330C0BC /* Shared */,
				56BD32AAEBF832991570B246 /* Products */,
			);
			sourceTree = "<group>";
		};
		C7872DF86AD9D7368BA115A3 /* DesignSystem */ = {
			isa = PBXGroup;
			children = (
				1BFECC1DABBC5FC07371E956 /* ArcDesign.swift */,
				2091849463E3B42B39109819 /* ArcTheme.swift */,
			);
			path = DesignSystem;
			sourceTree = "<group>";
		};
		D5E29A3BCE1DDBE9D039E27B /* Components */ = {
			isa = PBXGroup;
			children = (
				5CD183275F16AE2660B43277 /* AircraftSilhouette.swift */,
				11CAB1497F442E72CF11A73F /* AirlineLogoView.swift */,
				98164F646EF99E31FD3731AD /* ArcTabBar.swift */,
				85FA6BAFEA7DEBB5CB2DB08F /* BottomSheet.swift */,
				3B473AA396AFB87F8FA33DBD /* FriendAvatar.swift */,
				4CDBA155BE116022B7E2F90F /* MapControls.swift */,
				81A83E908E4D238FB3AB6A45 /* TripLogoView.swift */,
			);
			path = Components;
			sourceTree = "<group>";
		};
		EE53A14AC45F34800199559A /* Features */ = {
			isa = PBXGroup;
			children = (
				1B522C3FE92208C579B8483A /* Add */,
				1CE7FC13C801819D0E86B097 /* Airport */,
				2BA66D31C4D7DB9B51EA66E2 /* Detail */,
				F14CA8B67EED69A8D8D012C6 /* Flights */,
				46D873BC1EA7F6A4DC87082E /* Friends */,
				9E630D3B91DF556A47C43579 /* Passport */,
				A61B593F696A351DF5E44DA3 /* Root */,
				43ABFA4A044A3FC50C162D4A /* Settings */,
			);
			path = Features;
			sourceTree = "<group>";
		};
		F14CA8B67EED69A8D8D012C6 /* Flights */ = {
			isa = PBXGroup;
			children = (
				4F7A0EB241567A257D24DFD0 /* FlightRowCard.swift */,
				A99FE65B13FFE0D0203987D5 /* MyFlightsView.swift */,
				30B769750EA0E60EEC3EC42F /* TripInviteCard.swift */,
			);
			path = Flights;
			sourceTree = "<group>";
		};
		F217BA22EB7CDEAB4A10C314 /* ArcTests */ = {
			isa = PBXGroup;
			children = (
				8296407C7B6624104AE2703D /* BrandingTests.swift */,
				4C489E29357F66E23EFC0D7B /* ClipboardFlightCodeTests.swift */,
				C1450F4FF4653A6D0BF449CA /* ConnectionPlannerTests.swift */,
				F70B4249290027FDAFA9D021 /* DelayRiskTests.swift */,
				76A7ACD292B7C11B780E694F /* DepartureEvidenceTests.swift */,
				14FAE84C003F055E6FD5E1EC /* FlightAudienceTests.swift */,
				64047F33627992F4D8030E71 /* FlightDisplayTests.swift */,
				345D5BC68228BFA3CD7DD4DB /* FlightExporterTests.swift */,
				C8B050595CEBC559BB3F8B48 /* FlightQueryParserTests.swift */,
				FF41791DE630A7BDBA2550E7 /* FriendAlertsTests.swift */,
				BB93B4F2DC11B6653725A2C8 /* FriendFlightMathTests.swift */,
				A60AED5E6E1620F00029D627 /* FriendGroupsTests.swift */,
				5460A62472771819DEC2B78A /* FriendsFeedTests.swift */,
				66A38232A6E768DF2669A448 /* GeoMathTests.swift */,
				3982B16A2E83D23E09279400 /* InboundSelectionTests.swift */,
				B48F84455243D0E4149FB369 /* PlanePositionTests.swift */,
				A136200E180C33472B503DE3 /* ReferenceDataTests.swift */,
				38329F5149CBA92432A823C7 /* RotationChainTests.swift */,
				283EE3258EC82F97B3FD8892 /* ScheduleBackfillTests.swift */,
				8011F1F9596F27743C731E2F /* SmokeTests.swift */,
				2AD3936B9A068A6D1B734331 /* SupabaseErrorTests.swift */,
				E21CAF83A7006D3DEE031E7A /* SupabaseSyncTests.swift */,
				3BF7D3153A1277104EAE2B7C /* TaxiCameraTests.swift */,
				2AAA85683251E0048E5FBC31 /* TripInviteTests.swift */,
				99C658BC80584432FD6E1A9E /* TripModeTests.swift */,
			);
			path = ArcTests;
			sourceTree = "<group>";
		};
/* End PBXGroup section */

/* Begin PBXNativeTarget section */
		5082F54593F734921624FB26 /* ArcTests */ = {
			isa = PBXNativeTarget;
			buildConfigurationList = 4EED1EEFE23E4ED38EC9DA8D /* Build configuration list for PBXNativeTarget "ArcTests" */;
			buildPhases = (
				B1BF831D0C1C7D71E1D77566 /* Sources */,
			);
			buildRules = (
			);
			dependencies = (
				FC475DA5AEEDB802F386697C /* PBXTargetDependency */,
			);
			name = ArcTests;
			packageProductDependencies = (
			);
			productName = ArcTests;
			productReference = 7EC116B53681F7234E0DDDC9 /* ArcTests.xctest */;
			productType = "com.apple.product-type.bundle.unit-test";
		};
		670DE7EC6854CC229143633E /* Arc */ = {
			isa = PBXNativeTarget;
			buildConfigurationList = 7A8B6FFB7DF0FDD09B90B083 /* Build configuration list for PBXNativeTarget "Arc" */;
			buildPhases = (
				C91BF024187DF5D22F3D0894 /* Sources */,
				7C1FA1ADB24E973C8633A40A /* Resources */,
				2369BA4CCB1686083D29B1B3 /* Embed Foundation Extensions */,
			);
			buildRules = (
			);
			dependencies = (
				421BC76A8DD7CB806963DBEE /* PBXTargetDependency */,
			);
			name = Arc;
			packageProductDependencies = (
			);
			productName = Arc;
			productReference = 5DFE5890F673E6E56FF7EAEF /* Arc.app */;
			productType = "com.apple.product-type.application";
		};
		88B9A5180C02CFA3B6E6A35A /* ArcWidget */ = {
			isa = PBXNativeTarget;
			buildConfigurationList = 2E3326D08A1752FD513C6E77 /* Build configuration list for PBXNativeTarget "ArcWidget" */;
			buildPhases = (
				3E8CE0036DA04113FAFFDFEB /* Sources */,
			);
			buildRules = (
			);
			dependencies = (
			);
			name = ArcWidget;
			packageProductDependencies = (
			);
			productName = ArcWidget;
			productReference = A680FB4FD944A5EFEB911BFE /* ArcWidget.appex */;
			productType = "com.apple.product-type.app-extension";
		};
/* End PBXNativeTarget section */

/* Begin PBXProject section */
		EBAD1D3D9882D2E73DFD036C /* Project object */ = {
			isa = PBXProject;
			attributes = {
				BuildIndependentTargetsInParallel = YES;
				LastUpgradeCheck = 2600;
				TargetAttributes = {
					5082F54593F734921624FB26 = {
						DevelopmentTeam = GQZHJ59F4R;
					};
					670DE7EC6854CC229143633E = {
						DevelopmentTeam = GQZHJ59F4R;
						ProvisioningStyle = Automatic;
					};
					88B9A5180C02CFA3B6E6A35A = {
						DevelopmentTeam = GQZHJ59F4R;
						ProvisioningStyle = Automatic;
					};
				};
			};
			buildConfigurationList = 6F315E3350662A887E83D990 /* Build configuration list for PBXProject "Arc" */;
			developmentRegion = en;
			hasScannedForEncodings = 0;
			knownRegions = (
				Base,
				en,
			);
			mainGroup = AAFBC31CF1D85400F1B1389C;
			minimizedProjectReferenceProxies = 1;
			preferredProjectObjectVersion = 77;
			productRefGroup = 56BD32AAEBF832991570B246 /* Products */;
			projectDirPath = "";
			projectRoot = "";
			targets = (
				670DE7EC6854CC229143633E /* Arc */,
				88B9A5180C02CFA3B6E6A35A /* ArcWidget */,
				5082F54593F734921624FB26 /* ArcTests */,
			);
		};
/* End PBXProject section */

/* Begin PBXResourcesBuildPhase section */
		7C1FA1ADB24E973C8633A40A /* Resources */ = {
			isa = PBXResourcesBuildPhase;
			buildActionMask = 2147483647;
			files = (
				2FF54C18096971D871B206B9 /* Assets.xcassets in Resources */,
				5A687F07602155831DF39840 /* airlines.json in Resources */,
				CE8EDCF06AF9286001FAB953 /* airports.json in Resources */,
			);
			runOnlyForDeploymentPostprocessing = 0;
		};
/* End PBXResourcesBuildPhase section */

/* Begin PBXSourcesBuildPhase section */
		3E8CE0036DA04113FAFFDFEB /* Sources */ = {
			isa = PBXSourcesBuildPhase;
			buildActionMask = 2147483647;
			files = (
				D26812028267EF8CE41C593F /* ArcWidgetBundle.swift in Sources */,
				83DB6FA51D0DC4D1B14F002D /* DepartureEvidence.swift in Sources */,
				9C894C7AEAE72DD9CBA288F8 /* FlightActivityAttributes.swift in Sources */,
				4BE4CB84B06880211275E457 /* FlightLiveActivity.swift in Sources */,
				633BC7BECD1E5940F2E2254D /* IntelligenceVoice.swift in Sources */,
				D9F9CD2DDF8F9F47C6B5DEF1 /* MinuteTimer.swift in Sources */,
				FD48EDF02229BF53B07CF93B /* NextFlightWidget.swift in Sources */,
				971EC6990D98EC46BEC7C50D /* TripMode.swift in Sources */,
				8F183C5AACBAEDC17407ABD8 /* WidgetData.swift in Sources */,
				6695013CD5AAF30A7BEA4081 /* WidgetRefresh.swift in Sources */,
			);
			runOnlyForDeploymentPostprocessing = 0;
		};
		B1BF831D0C1C7D71E1D77566 /* Sources */ = {
			isa = PBXSourcesBuildPhase;
			buildActionMask = 2147483647;
			files = (
				91538C97272ECB2B1CE14434 /* BrandingTests.swift in Sources */,
				983B4AFEF51BEFD05BB0B9C3 /* ClipboardFlightCodeTests.swift in Sources */,
				698CBD586ABAF42BA0EED43B /* ConnectionPlannerTests.swift in Sources */,
				C1A749BDDC82ED06F27F8715 /* DelayRiskTests.swift in Sources */,
				A9BD4EA4BA0EB46F87F971B3 /* DepartureEvidenceTests.swift in Sources */,
				1EB9E39748B4D282482786CE /* FlightAudienceTests.swift in Sources */,
				FF28A915F2E461B6A44D4F3A /* FlightDisplayTests.swift in Sources */,
				76A42DE217B99FCC67076406 /* FlightExporterTests.swift in Sources */,
				0966F06D128CF6A589B4C579 /* FlightQueryParserTests.swift in Sources */,
				76727308C5C701DE0720CCF0 /* FriendAlertsTests.swift in Sources */,
				AA02B411577D86CF6E20DF8E /* FriendFlightMathTests.swift in Sources */,
				68F8FBD1C2C9BBFD9A4A81EF /* FriendGroupsTests.swift in Sources */,
				174541C286F7C1FAFD253F1A /* FriendsFeedTests.swift in Sources */,
				147ED96EDE432F34CFA07B0F /* GeoMathTests.swift in Sources */,
				132186CB080D804A397303E6 /* InboundSelectionTests.swift in Sources */,
				C870B531E4885665A67DA68F /* PlanePositionTests.swift in Sources */,
				3190C8FCAC6039B71113589D /* ReferenceDataTests.swift in Sources */,
				C8FFD2D8D6BF9BD7326C11AF /* RotationChainTests.swift in Sources */,
				A83E77612126873053655DD1 /* ScheduleBackfillTests.swift in Sources */,
				055E0F22DAEA1DCEC41CEE5F /* SmokeTests.swift in Sources */,
				1003697FBC6E177FB06D4DC0 /* SupabaseErrorTests.swift in Sources */,
				AC72B4ED862C05DA412F6850 /* SupabaseSyncTests.swift in Sources */,
				8F71B31BFA1A05112FD005B3 /* TaxiCameraTests.swift in Sources */,
				E2AC5D165AA0A0A30D638EB2 /* TripInviteTests.swift in Sources */,
				08856F19B11FB2609AFA1106 /* TripModeTests.swift in Sources */,
			);
			runOnlyForDeploymentPostprocessing = 0;
		};
		C91BF024187DF5D22F3D0894 /* Sources */ = {
			isa = PBXSourcesBuildPhase;
			buildActionMask = 2147483647;
			files = (
				74936AF03801B1DEC0E40739 /* AddFlightView.swift in Sources */,
				6C55946D9BE8B1E555ADBF45 /* AircraftImage.swift in Sources */,
				7739FB9D6EB985B087C1BE8A /* AircraftSilhouette.swift in Sources */,
				B25EC52E0FA211AB82FC6644 /* AirlineBranding.swift in Sources */,
				782E9CE6FC733FBD77E43A5E /* AirlineLogoView.swift in Sources */,
				A0CFDAC70BB886B090D73B83 /* Airport.swift in Sources */,
				2AEA6A4A50AA735658212B7D /* AirportOverlapRow.swift in Sources */,
				BDA9D40E00E8F38131B3C8FD /* AirportStatusView.swift in Sources */,
				C90A55C4564B261C22B0B790 /* ArcApp.swift in Sources */,
				4DC5DD74216D89BCF661E139 /* ArcDesign.swift in Sources */,
				066B813B251042A5C7326EA9 /* ArcMapView.swift in Sources */,
				05ED885E317014CE129D89E7 /* ArcRootView.swift in Sources */,
				67CD1CA79C762C8CFD137523 /* ArcTabBar.swift in Sources */,
				12441CF9EEA5848E9DFE70A8 /* ArcTheme.swift in Sources */,
				F426D81F00E9F6FAF3A09D17 /* BackgroundFlightUpdater.swift in Sources */,
				CF9EC77C1A77F199DAD62E77 /* BottomSheet.swift in Sources */,
				24335899C998B9EE85F3DE8D /* ConnectionCard.swift in Sources */,
				D262DB5DCAC33D8852BB44F0 /* ConnectionPlanner.swift in Sources */,
				9B63152237B6E5F4B7FA9392 /* DateHelpers.swift in Sources */,
				1D39A49F3A94F85646D62092 /* DelayRisk.swift in Sources */,
				9B2EABE20799CFF960C725EA /* DelayRiskCard.swift in Sources */,
				8625562A2DEDFF9FE944C920 /* DemoSeed.swift in Sources */,
				0458DAD31D437F3A54F4BD27 /* DepartureEvidence.swift in Sources */,
				7E14E00521A22BF09D8F195B /* Flight+Display.swift in Sources */,
				A32EE9AAFF04496627E9FB54 /* Flight+Evidence.swift in Sources */,
				AE8A969D54CC001AF4336515 /* Flight.swift in Sources */,
				E11048770A6E49C8C938397D /* FlightAPIClient.swift in Sources */,
				9B33C29C7FA1F5778E083398 /* FlightActivityAttributes.swift in Sources */,
				45B0F3CA74F6ED6B7180B0E9 /* FlightAudienceSheet.swift in Sources */,
				7B0F471853BB32A87C2C3C75 /* FlightDetailSections.swift in Sources */,
				23E38F386FC1075984846921 /* FlightDetailView.swift in Sources */,
				702FE8D083DF0D14242F484C /* FlightExporter.swift in Sources */,
				77A18B0B76DAA98567EFF92C /* FlightQueryParser.swift in Sources */,
				5860D96D4762878D6290576C /* FlightRowCard.swift in Sources */,
				E66A60BDC3290A6FBD47C2B4 /* FlightTracker.swift in Sources */,
				3E3DF80CFC36DE1D86451DDC /* FriendAlerts.swift in Sources */,
				F4EF39911CBB7F824BE309E4 /* FriendAvatar.swift in Sources */,
				5FA1351EE55E4BE4797E59F1 /* FriendGroups.swift in Sources */,
				0A1C083CFAAD25DE604695CB /* FriendsStore.swift in Sources */,
				95E9EB1D6085989A0AA988BF /* FriendsView.swift in Sources */,
				CAD442F2201C5E0593480795 /* GeoMath.swift in Sources */,
				47733FC27C873C75889EB557 /* InboundMonitor.swift in Sources */,
				31B370AC6D89A2834BA50EE6 /* InboundSelection.swift in Sources */,
				F7FB1ADA70699CF04534CC8E /* LiveActivityAvatarStore.swift in Sources */,
				86B066ECAFCF0E3B5E177C8C /* LiveActivityManager.swift in Sources */,
				9397CBE5A1FA96AF7846AEBB /* LiveActivityPushSync.swift in Sources */,
				9A74B2D6E44F84C536E4BD1F /* ManageFriendsSheet.swift in Sources */,
				B646A862A5FB908BF520D1E8 /* MapController.swift in Sources */,
				021C5737EED7AB35B1ED3A71 /* MapControls.swift in Sources */,
				3C9CBF3FB7BC17B415D90698 /* MyFlightsView.swift in Sources */,
				4FE84FF36951222122D6AFFE /* NetworkMonitor.swift in Sources */,
				C95804ADD76EDEB2671A5121 /* NotificationService.swift in Sources */,
				74C10FB358EFB074FC86CBA5 /* PassportStats.swift in Sources */,
				E84B095C2CDB1EAAB5567249 /* PassportView.swift in Sources */,
				AD144643F6272369E3A1D584 /* ReferenceData.swift in Sources */,
				825FA5FD9518679A5102F8E5 /* ReferenceModels.swift in Sources */,
				1BC8E88E19F9A7AD30EA6489 /* RemotePush.swift in Sources */,
				8279A76C5C2594EBFC72E84C /* RotationChain.swift in Sources */,
				C3B05E522F64F7A73BDB3F5F /* ScheduleBackfill.swift in Sources */,
				5BFC4245B668EF91BE8CF988 /* SettingsView.swift in Sources */,
				8D123A8F76E2E356082F43AF /* ShareFlightSheet.swift in Sources */,
				301E39861AE25DD77B097AE0 /* StatsDetailView.swift in Sources */,
				78067EB8469F38A3B174A4DE /* SunSide.swift in Sources */,
				8ED498F91B66740B412D0611 /* SupabaseClient.swift in Sources */,
				0F5F444E06F4497CAB4F095F /* TextHelpers.swift in Sources */,
				CF6320F47EB82BD75EA23A56 /* TravelCompanionsSheet.swift in Sources */,
				9A778312A6938772C45A9838 /* TripInviteCard.swift in Sources */,
				3ECCF6ABE970433007FAB23D /* TripInvites.swift in Sources */,
				C0DE555A6BBA8CA7E40648A8 /* TripLogoView.swift in Sources */,
				B898832B7AC151BC27E0C6FD /* TripMode.swift in Sources */,
				9C4509B5E588A11B545D2021 /* WidgetData.swift in Sources */,
				E64226C8F2F29728DFB84855 /* WidgetSync.swift in Sources */,
			);
			runOnlyForDeploymentPostprocessing = 0;
		};
/* End PBXSourcesBuildPhase section */

/* Begin PBXTargetDependency section */
		421BC76A8DD7CB806963DBEE /* PBXTargetDependency */ = {
			isa = PBXTargetDependency;
			target = 88B9A5180C02CFA3B6E6A35A /* ArcWidget */;
			targetProxy = 8F96802FBD8F9E0E76E693E2 /* PBXContainerItemProxy */;
		};
		FC475DA5AEEDB802F386697C /* PBXTargetDependency */ = {
			isa = PBXTargetDependency;
			target = 670DE7EC6854CC229143633E /* Arc */;
			targetProxy = 07234C0A479A51C316B4B403 /* PBXContainerItemProxy */;
		};
/* End PBXTargetDependency section */

/* Begin XCBuildConfiguration section */
		6008FF0970A7892157048ADD /* Debug */ = {
			isa = XCBuildConfiguration;
			buildSettings = {
				ASSETCATALOG_COMPILER_APPICON_NAME = AppIcon;
				CODE_SIGN_ENTITLEMENTS = Arc/Arc.entitlements;
				CODE_SIGN_IDENTITY = "Apple Development";
				CODE_SIGN_STYLE = Automatic;
				CURRENT_PROJECT_VERSION = 1;
				INFOPLIST_FILE = Arc/Info.plist;
				LD_RUNPATH_SEARCH_PATHS = (
					"$(inherited)",
					"@executable_path/Frameworks",
				);
				MARKETING_VERSION = 0.1.0;
				PRODUCT_BUNDLE_IDENTIFIER = com.arc.flighttracker;
				SDKROOT = iphoneos;
				SWIFT_VERSION = 6.0;
				TARGETED_DEVICE_FAMILY = "1,2";
			};
			name = Debug;
		};
		881A7A84659DE933D2A9C1CB /* Release */ = {
			isa = XCBuildConfiguration;
			buildSettings = {
				ALWAYS_SEARCH_USER_PATHS = NO;
				CLANG_ANALYZER_NONNULL = YES;
				CLANG_ANALYZER_NUMBER_OBJECT_CONVERSION = YES_AGGRESSIVE;
				CLANG_CXX_LANGUAGE_STANDARD = "gnu++14";
				CLANG_CXX_LIBRARY = "libc++";
				CLANG_ENABLE_MODULES = YES;
				CLANG_ENABLE_OBJC_ARC = YES;
				CLANG_ENABLE_OBJC_WEAK = YES;
				CLANG_WARN_BLOCK_CAPTURE_AUTORELEASING = YES;
				CLANG_WARN_BOOL_CONVERSION = YES;
				CLANG_WARN_COMMA = YES;
				CLANG_WARN_CONSTANT_CONVERSION = YES;
				CLANG_WARN_DEPRECATED_OBJC_IMPLEMENTATIONS = YES;
				CLANG_WARN_DIRECT_OBJC_ISA_USAGE = YES_ERROR;
				CLANG_WARN_DOCUMENTATION_COMMENTS = YES;
				CLANG_WARN_EMPTY_BODY = YES;
				CLANG_WARN_ENUM_CONVERSION = YES;
				CLANG_WARN_INFINITE_RECURSION = YES;
				CLANG_WARN_INT_CONVERSION = YES;
				CLANG_WARN_NON_LITERAL_NULL_CONVERSION = YES;
				CLANG_WARN_OBJC_IMPLICIT_RETAIN_SELF = YES;
				CLANG_WARN_OBJC_LITERAL_CONVERSION = YES;
				CLANG_WARN_OBJC_ROOT_CLASS = YES_ERROR;
				CLANG_WARN_QUOTED_INCLUDE_IN_FRAMEWORK_HEADER = YES;
				CLANG_WARN_RANGE_LOOP_ANALYSIS = YES;
				CLANG_WARN_STRICT_PROTOTYPES = YES;
				CLANG_WARN_SUSPICIOUS_MOVE = YES;
				CLANG_WARN_UNGUARDED_AVAILABILITY = YES_AGGRESSIVE;
				CLANG_WARN_UNREACHABLE_CODE = YES;
				CLANG_WARN__DUPLICATE_METHOD_MATCH = YES;
				COPY_PHASE_STRIP = NO;
				DEBUG_INFORMATION_FORMAT = "dwarf-with-dsym";
				DEVELOPMENT_TEAM = GQZHJ59F4R;
				ENABLE_NS_ASSERTIONS = NO;
				ENABLE_STRICT_OBJC_MSGSEND = YES;
				GCC_C_LANGUAGE_STANDARD = gnu11;
				GCC_NO_COMMON_BLOCKS = YES;
				GCC_WARN_64_TO_32_BIT_CONVERSION = YES;
				GCC_WARN_ABOUT_RETURN_TYPE = YES_ERROR;
				GCC_WARN_UNDECLARED_SELECTOR = YES;
				GCC_WARN_UNINITIALIZED_AUTOS = YES_AGGRESSIVE;
				GCC_WARN_UNUSED_FUNCTION = YES;
				GCC_WARN_UNUSED_VARIABLE = YES;
				IPHONEOS_DEPLOYMENT_TARGET = 26.0;
				MTL_ENABLE_DEBUG_INFO = NO;
				MTL_FAST_MATH = YES;
				PRODUCT_NAME = "$(TARGET_NAME)";
				SDKROOT = iphoneos;
				SWIFT_COMPILATION_MODE = wholemodule;
				SWIFT_OPTIMIZATION_LEVEL = "-O";
				SWIFT_VERSION = 5.0;
			};
			name = Release;
		};
		9EA9C44AF6DB3F483FD23083 /* Release */ = {
			isa = XCBuildConfiguration;
			buildSettings = {
				ASSETCATALOG_COMPILER_APPICON_NAME = AppIcon;
				CODE_SIGN_ENTITLEMENTS = Arc/Arc.entitlements;
				CODE_SIGN_IDENTITY = "Apple Development";
				CODE_SIGN_STYLE = Automatic;
				CURRENT_PROJECT_VERSION = 1;
				INFOPLIST_FILE = Arc/Info.plist;
				LD_RUNPATH_SEARCH_PATHS = (
					"$(inherited)",
					"@executable_path/Frameworks",
				);
				MARKETING_VERSION = 0.1.0;
				PRODUCT_BUNDLE_IDENTIFIER = com.arc.flighttracker;
				SDKROOT = iphoneos;
				SWIFT_VERSION = 6.0;
				TARGETED_DEVICE_FAMILY = "1,2";
			};
			name = Release;
		};
		A82C1931ED2B41AB7C7E5A76 /* Debug */ = {
			isa = XCBuildConfiguration;
			buildSettings = {
				BUNDLE_LOADER = "$(TEST_HOST)";
				GENERATE_INFOPLIST_FILE = YES;
				LD_RUNPATH_SEARCH_PATHS = (
					"$(inherited)",
					"@executable_path/Frameworks",
					"@loader_path/Frameworks",
				);
				PRODUCT_BUNDLE_IDENTIFIER = com.arc.flighttracker.tests;
				SDKROOT = iphoneos;
				SWIFT_VERSION = 6.0;
				TARGETED_DEVICE_FAMILY = "1,2";
				TEST_HOST = "$(BUILT_PRODUCTS_DIR)/Arc.app/Arc";
			};
			name = Debug;
		};
		AA2626EB80ADABB8D3FB0361 /* Release */ = {
			isa = XCBuildConfiguration;
			buildSettings = {
				BUNDLE_LOADER = "$(TEST_HOST)";
				GENERATE_INFOPLIST_FILE = YES;
				LD_RUNPATH_SEARCH_PATHS = (
					"$(inherited)",
					"@executable_path/Frameworks",
					"@loader_path/Frameworks",
				);
				PRODUCT_BUNDLE_IDENTIFIER = com.arc.flighttracker.tests;
				SDKROOT = iphoneos;
				SWIFT_VERSION = 6.0;
				TARGETED_DEVICE_FAMILY = "1,2";
				TEST_HOST = "$(BUILT_PRODUCTS_DIR)/Arc.app/Arc";
			};
			name = Release;
		};
		B63DCA781ACC21B08AB78586 /* Release */ = {
			isa = XCBuildConfiguration;
			buildSettings = {
				CODE_SIGN_ENTITLEMENTS = ArcWidget/ArcWidget.entitlements;
				CODE_SIGN_IDENTITY = "Apple Development";
				CODE_SIGN_STYLE = Automatic;
				CURRENT_PROJECT_VERSION = 1;
				INFOPLIST_FILE = ArcWidget/Info.plist;
				LD_RUNPATH_SEARCH_PATHS = (
					"$(inherited)",
					"@executable_path/Frameworks",
					"@executable_path/../../Frameworks",
				);
				MARKETING_VERSION = 0.1.0;
				PRODUCT_BUNDLE_IDENTIFIER = com.arc.flighttracker.widget;
				SDKROOT = iphoneos;
				SWIFT_VERSION = 6.0;
				TARGETED_DEVICE_FAMILY = "1,2";
			};
			name = Release;
		};
		D4129F2D6EB9463B0256E23E /* Debug */ = {
			isa = XCBuildConfiguration;
			buildSettings = {
				ALWAYS_SEARCH_USER_PATHS = NO;
				CLANG_ANALYZER_NONNULL = YES;
				CLANG_ANALYZER_NUMBER_OBJECT_CONVERSION = YES_AGGRESSIVE;
				CLANG_CXX_LANGUAGE_STANDARD = "gnu++14";
				CLANG_CXX_LIBRARY = "libc++";
				CLANG_ENABLE_MODULES = YES;
				CLANG_ENABLE_OBJC_ARC = YES;
				CLANG_ENABLE_OBJC_WEAK = YES;
				CLANG_WARN_BLOCK_CAPTURE_AUTORELEASING = YES;
				CLANG_WARN_BOOL_CONVERSION = YES;
				CLANG_WARN_COMMA = YES;
				CLANG_WARN_CONSTANT_CONVERSION = YES;
				CLANG_WARN_DEPRECATED_OBJC_IMPLEMENTATIONS = YES;
				CLANG_WARN_DIRECT_OBJC_ISA_USAGE = YES_ERROR;
				CLANG_WARN_DOCUMENTATION_COMMENTS = YES;
				CLANG_WARN_EMPTY_BODY = YES;
				CLANG_WARN_ENUM_CONVERSION = YES;
				CLANG_WARN_INFINITE_RECURSION = YES;
				CLANG_WARN_INT_CONVERSION = YES;
				CLANG_WARN_NON_LITERAL_NULL_CONVERSION = YES;
				CLANG_WARN_OBJC_IMPLICIT_RETAIN_SELF = YES;
				CLANG_WARN_OBJC_LITERAL_CONVERSION = YES;
				CLANG_WARN_OBJC_ROOT_CLASS = YES_ERROR;
				CLANG_WARN_QUOTED_INCLUDE_IN_FRAMEWORK_HEADER = YES;
				CLANG_WARN_RANGE_LOOP_ANALYSIS = YES;
				CLANG_WARN_STRICT_PROTOTYPES = YES;
				CLANG_WARN_SUSPICIOUS_MOVE = YES;
				CLANG_WARN_UNGUARDED_AVAILABILITY = YES_AGGRESSIVE;
				CLANG_WARN_UNREACHABLE_CODE = YES;
				CLANG_WARN__DUPLICATE_METHOD_MATCH = YES;
				COPY_PHASE_STRIP = NO;
				DEBUG_INFORMATION_FORMAT = dwarf;
				DEVELOPMENT_TEAM = GQZHJ59F4R;
				ENABLE_STRICT_OBJC_MSGSEND = YES;
				ENABLE_TESTABILITY = YES;
				GCC_C_LANGUAGE_STANDARD = gnu11;
				GCC_DYNAMIC_NO_PIC = NO;
				GCC_NO_COMMON_BLOCKS = YES;
				GCC_OPTIMIZATION_LEVEL = 0;
				GCC_PREPROCESSOR_DEFINITIONS = (
					"$(inherited)",
					"DEBUG=1",
				);
				GCC_WARN_64_TO_32_BIT_CONVERSION = YES;
				GCC_WARN_ABOUT_RETURN_TYPE = YES_ERROR;
				GCC_WARN_UNDECLARED_SELECTOR = YES;
				GCC_WARN_UNINITIALIZED_AUTOS = YES_AGGRESSIVE;
				GCC_WARN_UNUSED_FUNCTION = YES;
				GCC_WARN_UNUSED_VARIABLE = YES;
				IPHONEOS_DEPLOYMENT_TARGET = 26.0;
				MTL_ENABLE_DEBUG_INFO = INCLUDE_SOURCE;
				MTL_FAST_MATH = YES;
				ONLY_ACTIVE_ARCH = YES;
				PRODUCT_NAME = "$(TARGET_NAME)";
				SDKROOT = iphoneos;
				SWIFT_ACTIVE_COMPILATION_CONDITIONS = DEBUG;
				SWIFT_OPTIMIZATION_LEVEL = "-Onone";
				SWIFT_VERSION = 5.0;
			};
			name = Debug;
		};
		E15F7C0EB5C87A61ACB765F5 /* Debug */ = {
			isa = XCBuildConfiguration;
			buildSettings = {
				CODE_SIGN_ENTITLEMENTS = ArcWidget/ArcWidget.entitlements;
				CODE_SIGN_IDENTITY = "Apple Development";
				CODE_SIGN_STYLE = Automatic;
				CURRENT_PROJECT_VERSION = 1;
				INFOPLIST_FILE = ArcWidget/Info.plist;
				LD_RUNPATH_SEARCH_PATHS = (
					"$(inherited)",
					"@executable_path/Frameworks",
					"@executable_path/../../Frameworks",
				);
				MARKETING_VERSION = 0.1.0;
				PRODUCT_BUNDLE_IDENTIFIER = com.arc.flighttracker.widget;
				SDKROOT = iphoneos;
				SWIFT_VERSION = 6.0;
				TARGETED_DEVICE_FAMILY = "1,2";
			};
			name = Debug;
		};
/* End XCBuildConfiguration section */

/* Begin XCConfigurationList section */
		2E3326D08A1752FD513C6E77 /* Build configuration list for PBXNativeTarget "ArcWidget" */ = {
			isa = XCConfigurationList;
			buildConfigurations = (
				E15F7C0EB5C87A61ACB765F5 /* Debug */,
				B63DCA781ACC21B08AB78586 /* Release */,
			);
			defaultConfigurationIsVisible = 0;
			defaultConfigurationName = Debug;
		};
		4EED1EEFE23E4ED38EC9DA8D /* Build configuration list for PBXNativeTarget "ArcTests" */ = {
			isa = XCConfigurationList;
			buildConfigurations = (
				A82C1931ED2B41AB7C7E5A76 /* Debug */,
				AA2626EB80ADABB8D3FB0361 /* Release */,
			);
			defaultConfigurationIsVisible = 0;
			defaultConfigurationName = Debug;
		};
		6F315E3350662A887E83D990 /* Build configuration list for PBXProject "Arc" */ = {
			isa = XCConfigurationList;
			buildConfigurations = (
				D4129F2D6EB9463B0256E23E /* Debug */,
				881A7A84659DE933D2A9C1CB /* Release */,
			);
			defaultConfigurationIsVisible = 0;
			defaultConfigurationName = Debug;
		};
		7A8B6FFB7DF0FDD09B90B083 /* Build configuration list for PBXNativeTarget "Arc" */ = {
			isa = XCConfigurationList;
			buildConfigurations = (
				6008FF0970A7892157048ADD /* Debug */,
				9EA9C44AF6DB3F483FD23083 /* Release */,
			);
			defaultConfigurationIsVisible = 0;
			defaultConfigurationName = Debug;
		};
/* End XCConfigurationList section */
	};
	rootObject = EBAD1D3D9882D2E73DFD036C /* Project object */;
}
